
Microsoft Visual Studio Solution File, Format Version 12.00
# Visual Studio Version 17
VisualStudioVersion = 17.5.002.0
MinimumVisualStudioVersion = 10.0.40219.1
Project("{9A19103F-16F7-4668-BE54-9A1E7A4F7556}") = "Ex64", "Ex64.csproj", "{41C8A77E-3FD0-41E9-8A1A-C3A5644C3847}"
EndProject
Global
	GlobalSection(SolutionConfigurationPlatforms) = preSolution
		Debug|Any CPU = Debug|Any CPU
		Release|Any CPU = Release|Any CPU
	EndGlobalSection
	GlobalSection(ProjectConfigurationPlatforms) = postSolution
		{41C8A77E-3FD0-41E9-8A1A-C3A5644C3847}.Debug|Any CPU.ActiveCfg = Debug|Any CPU
		{41C8A77E-3FD0-41E9-8A1A-C3A5644C3847}.Debug|Any CPU.Build.0 = Debug|Any CPU
		{41C8A77E-3FD0-41E9-8A1A-C3A5644C3847}.Release|Any CPU.ActiveCfg = Release|Any CPU
		{41C8A77E-3FD0-41E9-8A1A-C3A5644C3847}.Release|Any CPU.Build.0 = Release|Any CPU
	EndGlobalSection
	GlobalSection(SolutionProperties) = preSolution
		HideSolutionNode = FALSE
	EndGlobalSection
	GlobalSection(ExtensibilityGlobals) = postSolution
		SolutionGuid = {39E19569-6EC5-47B5-86CC-24112C6B0648}
	EndGlobalSection
EndGlobal
